// !$*UTF8*$!
{
	archiveVersion = 1;
	classes = {
	};
	objectVersion = 50;
	objects = {

/* Begin PBXBuildFile section */
		E103FEB723CE6B6F00BDE96A /* AppDelegate.swift in Sources */ = {isa = PBXBuildFile; fileRef = E103FEB623CE6B6F00BDE96A /* AppDelegate.swift */; };
		E103FEBB23CE6B6F00BDE96A /* RootViewController.swift in Sources */ = {isa = PBXBuildFile; fileRef = E103FEBA23CE6B6F00BDE96A /* RootViewController.swift */; };
		E103FEBE23CE6B6F00BDE96A /* Main.storyboard in Resources */ = {isa = PBXBuildFile; fileRef = E103FEBC23CE6B6F00BDE96A /* Main.storyboard */; };
		E103FEC023CE6B7100BDE96A /* Assets.xcassets in Resources */ = {isa = PBXBuildFile; fileRef = E103FEBF23CE6B7100BDE96A /* Assets.xcassets */; };
		E103FEC323CE6B7100BDE96A /* LaunchScreen.storyboard in Resources */ = {isa = PBXBuildFile; fileRef = E103FEC123CE6B7100BDE96A /* LaunchScreen.storyboard */; };
		E108808E240B7AA200631DE2 /* ViewPieceCell.swift in Sources */ = {isa = PBXBuildFile; fileRef = E108808D240B7AA200631DE2 /* ViewPieceCell.swift */; };
		E10C482923F9E5BB00F47E23 /* RootPracticeViewController.swift in Sources */ = {isa = PBXBuildFile; fileRef = E10C482823F9E5BB00F47E23 /* RootPracticeViewController.swift */; };
		E10C482C23FA409E00F47E23 /* UIViewController+RemoveFromParent.swift in Sources */ = {isa = PBXBuildFile; fileRef = E10C482B23FA409E00F47E23 /* UIViewController+RemoveFromParent.swift */; };
		E10C482E23FA63D900F47E23 /* ImageSelectionCell.swift in Sources */ = {isa = PBXBuildFile; fileRef = E10C482D23FA63D900F47E23 /* ImageSelectionCell.swift */; };
		E10C483423FA65F300F47E23 /* Image.swift in Sources */ = {isa = PBXBuildFile; fileRef = E10C483323FA65F300F47E23 /* Image.swift */; };
		E10C483623FA672600F47E23 /* ImageView.swift in Sources */ = {isa = PBXBuildFile; fileRef = E10C483523FA672600F47E23 /* ImageView.swift */; };
		E10C483823FB1B2600F47E23 /* ImageViewController.swift in Sources */ = {isa = PBXBuildFile; fileRef = E10C483723FB1B2600F47E23 /* ImageViewController.swift */; };
		E10C483B23FB1B3500F47E23 /* ImageViewModel.swift in Sources */ = {isa = PBXBuildFile; fileRef = E10C483A23FB1B3500F47E23 /* ImageViewModel.swift */; };
		E10C483D23FB1B3900F47E23 /* ImageRow.swift in Sources */ = {isa = PBXBuildFile; fileRef = E10C483C23FB1B3900F47E23 /* ImageRow.swift */; };
		E10C483F23FB1CA800F47E23 /* ImageCell.swift in Sources */ = {isa = PBXBuildFile; fileRef = E10C483E23FB1CA800F47E23 /* ImageCell.swift */; };
		E10CE1FD23E53F7500BE8537 /* ChoosePieceViewController.swift in Sources */ = {isa = PBXBuildFile; fileRef = E10CE1FC23E53F7500BE8537 /* ChoosePieceViewController.swift */; };
		E124024C2462255800CB38EA /* ImagePageViewController.swift in Sources */ = {isa = PBXBuildFile; fileRef = E124024B2462255800CB38EA /* ImagePageViewController.swift */; };
		E124024F24622D0000CB38EA /* OnboardingViewController.swift in Sources */ = {isa = PBXBuildFile; fileRef = E124024E24622D0000CB38EA /* OnboardingViewController.swift */; };
		E12FFC6523D38C5200705CFC /* YouRow.swift in Sources */ = {isa = PBXBuildFile; fileRef = E12FFC6423D38C5200705CFC /* YouRow.swift */; };
		E12FFC6823D3909C00705CFC /* SettingsViewController.swift in Sources */ = {isa = PBXBuildFile; fileRef = E12FFC6723D3909C00705CFC /* SettingsViewController.swift */; };
		E12FFC6B23D3915200705CFC /* SettingsViewModel.swift in Sources */ = {isa = PBXBuildFile; fileRef = E12FFC6A23D3915200705CFC /* SettingsViewModel.swift */; };
		E12FFC6D23D3917600705CFC /* SettingsRow.swift in Sources */ = {isa = PBXBuildFile; fileRef = E12FFC6C23D3917600705CFC /* SettingsRow.swift */; };
		E12FFC6F23D393C900705CFC /* SettingsSectionCell.swift in Sources */ = {isa = PBXBuildFile; fileRef = E12FFC6E23D393C900705CFC /* SettingsSectionCell.swift */; };
		E12FFC7123D3D94300705CFC /* SettingsType.swift in Sources */ = {isa = PBXBuildFile; fileRef = E12FFC7023D3D94300705CFC /* SettingsType.swift */; };
		E12FFC7323D3EDD400705CFC /* SpacerCell.swift in Sources */ = {isa = PBXBuildFile; fileRef = E12FFC7223D3EDD400705CFC /* SpacerCell.swift */; };
		E12FFC7523D40A7F00705CFC /* SettingsBoolCell.swift in Sources */ = {isa = PBXBuildFile; fileRef = E12FFC7423D40A7F00705CFC /* SettingsBoolCell.swift */; };
		E12FFC7723D4245400705CFC /* SettingsItemCell.swift in Sources */ = {isa = PBXBuildFile; fileRef = E12FFC7623D4245400705CFC /* SettingsItemCell.swift */; };
		E12FFC7923D42FDF00705CFC /* SettingsSelectionCell.swift in Sources */ = {isa = PBXBuildFile; fileRef = E12FFC7823D42FDF00705CFC /* SettingsSelectionCell.swift */; };
		E12FFC7B23D4310600705CFC /* EditItemsViewController.swift in Sources */ = {isa = PBXBuildFile; fileRef = E12FFC7A23D4310600705CFC /* EditItemsViewController.swift */; };
		E12FFC7E23D4312F00705CFC /* EditItemsViewModel.swift in Sources */ = {isa = PBXBuildFile; fileRef = E12FFC7D23D4312F00705CFC /* EditItemsViewModel.swift */; };
		E12FFC8023D432F300705CFC /* EditItemRow.swift in Sources */ = {isa = PBXBuildFile; fileRef = E12FFC7F23D432F300705CFC /* EditItemRow.swift */; };
		E12FFC8223D43A9500705CFC /* CreateItemViewController.swift in Sources */ = {isa = PBXBuildFile; fileRef = E12FFC8123D43A9500705CFC /* CreateItemViewController.swift */; };
		E12FFC8423D43AB400705CFC /* CreateItemViewModel.swift in Sources */ = {isa = PBXBuildFile; fileRef = E12FFC8323D43AB400705CFC /* CreateItemViewModel.swift */; };
		E12FFC8723D43C0D00705CFC /* PracticeRow.swift in Sources */ = {isa = PBXBuildFile; fileRef = E12FFC8623D43C0D00705CFC /* PracticeRow.swift */; };
		E12FFC8923D4416500705CFC /* EditItemCell.swift in Sources */ = {isa = PBXBuildFile; fileRef = E12FFC8823D4416500705CFC /* EditItemCell.swift */; };
		E12FFC8B23D4D19C00705CFC /* RequestFeatureViewController.swift in Sources */ = {isa = PBXBuildFile; fileRef = E12FFC8A23D4D19C00705CFC /* RequestFeatureViewController.swift */; };
		E12FFC8D23D4D1CA00705CFC /* RequestFeatureViewModel.swift in Sources */ = {isa = PBXBuildFile; fileRef = E12FFC8C23D4D1CA00705CFC /* RequestFeatureViewModel.swift */; };
		E12FFC9D23D5063A00705CFC /* Instrument+CoreDataClass.swift in Sources */ = {isa = PBXBuildFile; fileRef = E12FFC9323D5063A00705CFC /* Instrument+CoreDataClass.swift */; };
		E12FFC9E23D5063A00705CFC /* Instrument+CoreDataProperties.swift in Sources */ = {isa = PBXBuildFile; fileRef = E12FFC9423D5063A00705CFC /* Instrument+CoreDataProperties.swift */; };
		E12FFC9F23D5063A00705CFC /* Piece+CoreDataClass.swift in Sources */ = {isa = PBXBuildFile; fileRef = E12FFC9523D5063A00705CFC /* Piece+CoreDataClass.swift */; };
		E12FFCA023D5063A00705CFC /* Piece+CoreDataProperties.swift in Sources */ = {isa = PBXBuildFile; fileRef = E12FFC9623D5063A00705CFC /* Piece+CoreDataProperties.swift */; };
		E12FFCA123D5063A00705CFC /* Practice+CoreDataClass.swift in Sources */ = {isa = PBXBuildFile; fileRef = E12FFC9723D5063A00705CFC /* Practice+CoreDataClass.swift */; };
		E12FFCA223D5063A00705CFC /* Practice+CoreDataProperties.swift in Sources */ = {isa = PBXBuildFile; fileRef = E12FFC9823D5063A00705CFC /* Practice+CoreDataProperties.swift */; };
		E12FFCA323D5063A00705CFC /* Group+CoreDataClass.swift in Sources */ = {isa = PBXBuildFile; fileRef = E12FFC9923D5063A00705CFC /* Group+CoreDataClass.swift */; };
		E12FFCA423D5063A00705CFC /* Group+CoreDataProperties.swift in Sources */ = {isa = PBXBuildFile; fileRef = E12FFC9A23D5063A00705CFC /* Group+CoreDataProperties.swift */; };
		E12FFCA623D5087000705CFC /* EditPieceViewController.swift in Sources */ = {isa = PBXBuildFile; fileRef = E12FFCA523D5087000705CFC /* EditPieceViewController.swift */; };
		E12FFCA823D508D500705CFC /* EditPieceViewModel.swift in Sources */ = {isa = PBXBuildFile; fileRef = E12FFCA723D508D500705CFC /* EditPieceViewModel.swift */; };
		E12FFCAB23D50A6400705CFC /* TextFieldCell.swift in Sources */ = {isa = PBXBuildFile; fileRef = E12FFCAA23D50A6400705CFC /* TextFieldCell.swift */; };
		E12FFCAD23D50D5800705CFC /* EditPieceRow.swift in Sources */ = {isa = PBXBuildFile; fileRef = E12FFCAC23D50D5800705CFC /* EditPieceRow.swift */; };
		E12FFCAF23D5142500705CFC /* Array+Diff.swift in Sources */ = {isa = PBXBuildFile; fileRef = E12FFCAE23D5142500705CFC /* Array+Diff.swift */; };
		E12FFCB123D51C6F00705CFC /* PiecesRow.swift in Sources */ = {isa = PBXBuildFile; fileRef = E12FFCB023D51C6F00705CFC /* PiecesRow.swift */; };
		E12FFCB323D53F8900705CFC /* PieceCell.swift in Sources */ = {isa = PBXBuildFile; fileRef = E12FFCB223D53F8900705CFC /* PieceCell.swift */; };
		E12FFCB523D5412200705CFC /* SelectionCell.swift in Sources */ = {isa = PBXBuildFile; fileRef = E12FFCB423D5412200705CFC /* SelectionCell.swift */; };
		E12FFCB723D54D4F00705CFC /* PickerViewController.swift in Sources */ = {isa = PBXBuildFile; fileRef = E12FFCB623D54D4F00705CFC /* PickerViewController.swift */; };
		E12FFCB923D54F4300705CFC /* PickerViewModel.swift in Sources */ = {isa = PBXBuildFile; fileRef = E12FFCB823D54F4300705CFC /* PickerViewModel.swift */; };
		E12FFCBE23D568D600705CFC /* Selectable.swift in Sources */ = {isa = PBXBuildFile; fileRef = E12FFCBD23D568D600705CFC /* Selectable.swift */; };
		E12FFCC123D57C7E00705CFC /* Verifiable.swift in Sources */ = {isa = PBXBuildFile; fileRef = E12FFCC023D57C7E00705CFC /* Verifiable.swift */; };
		E13109FD240393290092579C /* PlaybackRow.swift in Sources */ = {isa = PBXBuildFile; fileRef = E13109FC240393290092579C /* PlaybackRow.swift */; };
		E13C133323FF6A4F0080EA79 /* RecordingCell.swift in Sources */ = {isa = PBXBuildFile; fileRef = E13C133223FF6A4F0080EA79 /* RecordingCell.swift */; };
		E13C133723FF74590080EA79 /* Section+CoreDataClass.swift in Sources */ = {isa = PBXBuildFile; fileRef = E13C133523FF74590080EA79 /* Section+CoreDataClass.swift */; };
		E13C133823FF74590080EA79 /* Section+CoreDataProperties.swift in Sources */ = {isa = PBXBuildFile; fileRef = E13C133623FF74590080EA79 /* Section+CoreDataProperties.swift */; };
		E146BAE823D251420036052B /* HomeViewModel.swift in Sources */ = {isa = PBXBuildFile; fileRef = E146BAE723D251420036052B /* HomeViewModel.swift */; };
		E146BAEB23D251510036052B /* PiecesViewModel.swift in Sources */ = {isa = PBXBuildFile; fileRef = E146BAEA23D251510036052B /* PiecesViewModel.swift */; };
		E146BAEE23D2515F0036052B /* YouViewModel.swift in Sources */ = {isa = PBXBuildFile; fileRef = E146BAED23D2515F0036052B /* YouViewModel.swift */; };
		E146BAF023D2535A0036052B /* CurrentPracticeState.swift in Sources */ = {isa = PBXBuildFile; fileRef = E146BAEF23D2535A0036052B /* CurrentPracticeState.swift */; };
		E146BAF223D257820036052B /* PracticeViewController.swift in Sources */ = {isa = PBXBuildFile; fileRef = E146BAF123D257820036052B /* PracticeViewController.swift */; };
		E146BAF423D2579C0036052B /* PracticeViewModel.swift in Sources */ = {isa = PBXBuildFile; fileRef = E146BAF323D2579C0036052B /* PracticeViewModel.swift */; };
		E146BAF723D258A20036052B /* AdagioViewController.swift in Sources */ = {isa = PBXBuildFile; fileRef = E146BAF623D258A20036052B /* AdagioViewController.swift */; };
		E146BAF923D258EA0036052B /* UIColor+Adagio.swift in Sources */ = {isa = PBXBuildFile; fileRef = E146BAF823D258EA0036052B /* UIColor+Adagio.swift */; };
		E1522AEC23DF9E9F00221A79 /* BouncyLayout.swift in Sources */ = {isa = PBXBuildFile; fileRef = E1522AEB23DF9E9F00221A79 /* BouncyLayout.swift */; };
		E1522AF123E0126900221A79 /* FocusSectionViewController.swift in Sources */ = {isa = PBXBuildFile; fileRef = E1522AF023E0126900221A79 /* FocusSectionViewController.swift */; };
		E1522AF423E012BF00221A79 /* AddPieceCell.swift in Sources */ = {isa = PBXBuildFile; fileRef = E1522AF323E012BF00221A79 /* AddPieceCell.swift */; };
		E156B62123EE5643004900F3 /* PracticeSectionCell.swift in Sources */ = {isa = PBXBuildFile; fileRef = E156B62023EE5643004900F3 /* PracticeSectionCell.swift */; };
		E16B880823D2F3C400A8CF07 /* HomeRow.swift in Sources */ = {isa = PBXBuildFile; fileRef = E16B880723D2F3C400A8CF07 /* HomeRow.swift */; };
		E16B880B23D2F6AB00A8CF07 /* HomeSubtitleCell.swift in Sources */ = {isa = PBXBuildFile; fileRef = E16B880A23D2F6AB00A8CF07 /* HomeSubtitleCell.swift */; };
		E16B880D23D2FBF800A8CF07 /* AdagioCell.swift in Sources */ = {isa = PBXBuildFile; fileRef = E16B880C23D2FBF800A8CF07 /* AdagioCell.swift */; };
		E16EB6D623EA9BD600BE6800 /* TestData.swift in Sources */ = {isa = PBXBuildFile; fileRef = E16EB6D523EA9BD600BE6800 /* TestData.swift */; };
		E17736E223EB3ED60059411F /* SectionView.swift in Sources */ = {isa = PBXBuildFile; fileRef = E17736E123EB3ED60059411F /* SectionView.swift */; };
		E17736E523EB842C0059411F /* SegmentCell.swift in Sources */ = {isa = PBXBuildFile; fileRef = E17736E423EB842C0059411F /* SegmentCell.swift */; };
		E17C8ADE23D2488200C74BBD /* AdagioModel.xcdatamodeld in Sources */ = {isa = PBXBuildFile; fileRef = E17C8ADC23D2488200C74BBD /* AdagioModel.xcdatamodeld */; };
		E17F4F0D23FF5DD200EB7C2C /* Recording+CoreDataClass.swift in Sources */ = {isa = PBXBuildFile; fileRef = E17F4F0B23FF5DD200EB7C2C /* Recording+CoreDataClass.swift */; };
		E17F4F0E23FF5DD200EB7C2C /* Recording+CoreDataProperties.swift in Sources */ = {isa = PBXBuildFile; fileRef = E17F4F0C23FF5DD200EB7C2C /* Recording+CoreDataProperties.swift */; };
		E181303E23D810B300A45C8B /* Editable.swift in Sources */ = {isa = PBXBuildFile; fileRef = E181303D23D810B300A45C8B /* Editable.swift */; };
		E194A08C23E6820B00EBD857 /* Haptics.swift in Sources */ = {isa = PBXBuildFile; fileRef = E194A08B23E6820B00EBD857 /* Haptics.swift */; };
		E1A2CC8323D24E2E0054522B /* SharedPips.framework in Frameworks */ = {isa = PBXBuildFile; fileRef = E17C8AE423D24E0D00C74BBD /* SharedPips.framework */; };
		E1A2CC8423D24E2E0054522B /* SharedPips.framework in Embed Frameworks */ = {isa = PBXBuildFile; fileRef = E17C8AE423D24E0D00C74BBD /* SharedPips.framework */; settings = {ATTRIBUTES = (CodeSignOnCopy, RemoveHeadersOnCopy, ); }; };
		E1A2CC8823D24E810054522B /* HomeViewController.swift in Sources */ = {isa = PBXBuildFile; fileRef = E1A2CC8723D24E810054522B /* HomeViewController.swift */; };
		E1A2CC8A23D24EA70054522B /* PiecesViewController.swift in Sources */ = {isa = PBXBuildFile; fileRef = E1A2CC8923D24EA70054522B /* PiecesViewController.swift */; };
		E1A2CC8C23D24EAD0054522B /* YouViewController.swift in Sources */ = {isa = PBXBuildFile; fileRef = E1A2CC8B23D24EAD0054522B /* YouViewController.swift */; };
		E1A53AC823E6B2190059BBD5 /* CurrentPracticeTimer.swift in Sources */ = {isa = PBXBuildFile; fileRef = E1A53AC723E6B2190059BBD5 /* CurrentPracticeTimer.swift */; };
		E1A53AED23E8A3C50059BBD5 /* FocusSectionViewModel.swift in Sources */ = {isa = PBXBuildFile; fileRef = E1A53AEC23E8A3C50059BBD5 /* FocusSectionViewModel.swift */; };
		E1A53AEF23E8A3CB0059BBD5 /* FocusSectionRow.swift in Sources */ = {isa = PBXBuildFile; fileRef = E1A53AEE23E8A3CB0059BBD5 /* FocusSectionRow.swift */; };
		E1AA21D523E2B12F00D299CC /* CurrentSessionBar.swift in Sources */ = {isa = PBXBuildFile; fileRef = E1AA21D423E2B12F00D299CC /* CurrentSessionBar.swift */; };
		E1AC840823FE629E00DB4DD8 /* RecordingViewController.swift in Sources */ = {isa = PBXBuildFile; fileRef = E1AC840723FE629E00DB4DD8 /* RecordingViewController.swift */; };
		E1AC840C23FE66B900DB4DD8 /* RecordingViewModel.swift in Sources */ = {isa = PBXBuildFile; fileRef = E1AC840B23FE66B900DB4DD8 /* RecordingViewModel.swift */; };
		E1C5FE5724482EE6008130AE /* SettingsTitleCell.swift in Sources */ = {isa = PBXBuildFile; fileRef = E1C5FE5624482EE6008130AE /* SettingsTitleCell.swift */; };
		E1C5FE5C24483653008130AE /* darkAppIcon.png in Resources */ = {isa = PBXBuildFile; fileRef = E1C5FE5924483653008130AE /* darkAppIcon.png */; };
		E1C5FE5D24483653008130AE /* darkAppIcon@3x.png in Resources */ = {isa = PBXBuildFile; fileRef = E1C5FE5A24483653008130AE /* darkAppIcon@3x.png */; };
		E1C5FE5E24483653008130AE /* darkAppIcon@2x.png in Resources */ = {isa = PBXBuildFile; fileRef = E1C5FE5B24483653008130AE /* darkAppIcon@2x.png */; };
		E1C5FE612448BBEF008130AE /* SettingsAppIconCell.swift in Sources */ = {isa = PBXBuildFile; fileRef = E1C5FE602448BBEF008130AE /* SettingsAppIconCell.swift */; };
		E1C5FE632448C692008130AE /* AppIcon.swift in Sources */ = {isa = PBXBuildFile; fileRef = E1C5FE622448C692008130AE /* AppIcon.swift */; };
		E1CA892323D1098600E4FD3C /* CoreDataManager.swift in Sources */ = {isa = PBXBuildFile; fileRef = E1CA892223D1098600E4FD3C /* CoreDataManager.swift */; };
		E1CBB3C6240A3A6200BF20A3 /* EndPracticeViewController.swift in Sources */ = {isa = PBXBuildFile; fileRef = E1CBB3C5240A3A6200BF20A3 /* EndPracticeViewController.swift */; };
		E1CBB3C9240A3A6900BF20A3 /* EndPracticeViewModel.swift in Sources */ = {isa = PBXBuildFile; fileRef = E1CBB3C8240A3A6900BF20A3 /* EndPracticeViewModel.swift */; };
		E1CF208223EA14B200E05E12 /* PracticeEntryCell.swift in Sources */ = {isa = PBXBuildFile; fileRef = E1CF208123EA14B200E05E12 /* PracticeEntryCell.swift */; };
		E1CF208523EA29FA00E05E12 /* IconLabelView.swift in Sources */ = {isa = PBXBuildFile; fileRef = E1CF208423EA29FA00E05E12 /* IconLabelView.swift */; };
		E1D34FC52403900F0097C3C2 /* PlaybackViewController.swift in Sources */ = {isa = PBXBuildFile; fileRef = E1D34FC42403900F0097C3C2 /* PlaybackViewController.swift */; };
		E1D34FC8240390190097C3C2 /* PlaybackViewModel.swift in Sources */ = {isa = PBXBuildFile; fileRef = E1D34FC7240390190097C3C2 /* PlaybackViewModel.swift */; };
		E1DBC94823F1E960003F8012 /* RadioCell.swift in Sources */ = {isa = PBXBuildFile; fileRef = E1DBC94723F1E960003F8012 /* RadioCell.swift */; };
		E1DC38AC2454D96A0002BB64 /* CurrentPractice.json in Resources */ = {isa = PBXBuildFile; fileRef = E1DC38AB2454D96A0002BB64 /* CurrentPractice.json */; };
		E1E869CD23E5431C00569475 /* ChoosePieceViewModel.swift in Sources */ = {isa = PBXBuildFile; fileRef = E1E869CC23E5431C00569475 /* ChoosePieceViewModel.swift */; };
		E1E869D023E5627B00569475 /* HideKeyboardButton.swift in Sources */ = {isa = PBXBuildFile; fileRef = E1E869CF23E5627B00569475 /* HideKeyboardButton.swift */; };
		E1E869D323E56A6000569475 /* DeletePracticeCell.swift in Sources */ = {isa = PBXBuildFile; fileRef = E1E869D223E56A6000569475 /* DeletePracticeCell.swift */; };
		E1F3110D23D6D01F008A2BBD /* Titlable.swift in Sources */ = {isa = PBXBuildFile; fileRef = E1F3110C23D6D01F008A2BBD /* Titlable.swift */; };
/* End PBXBuildFile section */

/* Begin PBXContainerItemProxy section */
		E17C8AE323D24E0D00C74BBD /* PBXContainerItemProxy */ = {
			isa = PBXContainerItemProxy;
			containerPortal = E17C8ADF23D24E0D00C74BBD /* SharedPips.xcodeproj */;
			proxyType = 2;
			remoteGlobalIDString = 5F30A39B2081362C00C5566D;
			remoteInfo = SharedPips;
		};
/* End PBXContainerItemProxy section */

/* Begin PBXCopyFilesBuildPhase section */
		E1A2CC8523D24E2E0054522B /* Embed Frameworks */ = {
			isa = PBXCopyFilesBuildPhase;
			buildActionMask = 2147483647;
			dstPath = "";
			dstSubfolderSpec = 10;
			files = (
				E1A2CC8423D24E2E0054522B /* SharedPips.framework in Embed Frameworks */,
			);
			name = "Embed Frameworks";
			runOnlyForDeploymentPostprocessing = 0;
		};
/* End PBXCopyFilesBuildPhase section */

/* Begin PBXFileReference section */
		E103FEB323CE6B6F00BDE96A /* Adagio.app */ = {isa = PBXFileReference; explicitFileType = wrapper.application; includeInIndex = 0; path = Adagio.app; sourceTree = BUILT_PRODUCTS_DIR; };
		E103FEB623CE6B6F00BDE96A /* AppDelegate.swift */ = {isa = PBXFileReference; lastKnownFileType = sourcecode.swift; path = AppDelegate.swift; sourceTree = "<group>"; };
		E103FEBA23CE6B6F00BDE96A /* RootViewController.swift */ = {isa = PBXFileReference; lastKnownFileType = sourcecode.swift; path = RootViewController.swift; sourceTree = "<group>"; };
		E103FEBD23CE6B6F00BDE96A /* Base */ = {isa = PBXFileReference; lastKnownFileType = file.storyboard; name = Base; path = Base.lproj/Main.storyboard; sourceTree = "<group>"; };
		E103FEBF23CE6B7100BDE96A /* Assets.xcassets */ = {isa = PBXFileReference; lastKnownFileType = folder.assetcatalog; path = Assets.xcassets; sourceTree = "<group>"; };
		E103FEC223CE6B7100BDE96A /* Base */ = {isa = PBXFileReference; lastKnownFileType = file.storyboard; name = Base; path = Base.lproj/LaunchScreen.storyboard; sourceTree = "<group>"; };
		E103FEC423CE6B7100BDE96A /* Info.plist */ = {isa = PBXFileReference; lastKnownFileType = text.plist.xml; path = Info.plist; sourceTree = "<group>"; };
		E108808D240B7AA200631DE2 /* ViewPieceCell.swift */ = {isa = PBXFileReference; lastKnownFileType = sourcecode.swift; path = ViewPieceCell.swift; sourceTree = "<group>"; };
		E10C482823F9E5BB00F47E23 /* RootPracticeViewController.swift */ = {isa = PBXFileReference; lastKnownFileType = sourcecode.swift; path = RootPracticeViewController.swift; sourceTree = "<group>"; };
		E10C482B23FA409E00F47E23 /* UIViewController+RemoveFromParent.swift */ = {isa = PBXFileReference; lastKnownFileType = sourcecode.swift; path = "UIViewController+RemoveFromParent.swift"; sourceTree = "<group>"; };
		E10C482D23FA63D900F47E23 /* ImageSelectionCell.swift */ = {isa = PBXFileReference; lastKnownFileType = sourcecode.swift; path = ImageSelectionCell.swift; sourceTree = "<group>"; };
		E10C483323FA65F300F47E23 /* Image.swift */ = {isa = PBXFileReference; lastKnownFileType = sourcecode.swift; path = Image.swift; sourceTree = "<group>"; };
		E10C483523FA672600F47E23 /* ImageView.swift */ = {isa = PBXFileReference; lastKnownFileType = sourcecode.swift; path = ImageView.swift; sourceTree = "<group>"; };
		E10C483723FB1B2600F47E23 /* ImageViewController.swift */ = {isa = PBXFileReference; lastKnownFileType = sourcecode.swift; path = ImageViewController.swift; sourceTree = "<group>"; };
		E10C483A23FB1B3500F47E23 /* ImageViewModel.swift */ = {isa = PBXFileReference; lastKnownFileType = sourcecode.swift; path = ImageViewModel.swift; sourceTree = "<group>"; };
		E10C483C23FB1B3900F47E23 /* ImageRow.swift */ = {isa = PBXFileReference; lastKnownFileType = sourcecode.swift; path = ImageRow.swift; sourceTree = "<group>"; };
		E10C483E23FB1CA800F47E23 /* ImageCell.swift */ = {isa = PBXFileReference; lastKnownFileType = sourcecode.swift; path = ImageCell.swift; sourceTree = "<group>"; };
		E10CE1FC23E53F7500BE8537 /* ChoosePieceViewController.swift */ = {isa = PBXFileReference; lastKnownFileType = sourcecode.swift; path = ChoosePieceViewController.swift; sourceTree = "<group>"; };
		E124024B2462255800CB38EA /* ImagePageViewController.swift */ = {isa = PBXFileReference; lastKnownFileType = sourcecode.swift; path = ImagePageViewController.swift; sourceTree = "<group>"; };
		E124024E24622D0000CB38EA /* OnboardingViewController.swift */ = {isa = PBXFileReference; lastKnownFileType = sourcecode.swift; path = OnboardingViewController.swift; sourceTree = "<group>"; };
		E12FFC6423D38C5200705CFC /* YouRow.swift */ = {isa = PBXFileReference; lastKnownFileType = sourcecode.swift; path = YouRow.swift; sourceTree = "<group>"; };
		E12FFC6723D3909C00705CFC /* SettingsViewController.swift */ = {isa = PBXFileReference; lastKnownFileType = sourcecode.swift; path = SettingsViewController.swift; sourceTree = "<group>"; };
		E12FFC6A23D3915200705CFC /* SettingsViewModel.swift */ = {isa = PBXFileReference; lastKnownFileType = sourcecode.swift; path = SettingsViewModel.swift; sourceTree = "<group>"; };
		E12FFC6C23D3917600705CFC /* SettingsRow.swift */ = {isa = PBXFileReference; lastKnownFileType = sourcecode.swift; path = SettingsRow.swift; sourceTree = "<group>"; };
		E12FFC6E23D393C900705CFC /* SettingsSectionCell.swift */ = {isa = PBXFileReference; lastKnownFileType = sourcecode.swift; path = SettingsSectionCell.swift; sourceTree = "<group>"; };
		E12FFC7023D3D94300705CFC /* SettingsType.swift */ = {isa = PBXFileReference; lastKnownFileType = sourcecode.swift; path = SettingsType.swift; sourceTree = "<group>"; };
		E12FFC7223D3EDD400705CFC /* SpacerCell.swift */ = {isa = PBXFileReference; lastKnownFileType = sourcecode.swift; path = SpacerCell.swift; sourceTree = "<group>"; };
		E12FFC7423D40A7F00705CFC /* SettingsBoolCell.swift */ = {isa = PBXFileReference; lastKnownFileType = sourcecode.swift; path = SettingsBoolCell.swift; sourceTree = "<group>"; };
		E12FFC7623D4245400705CFC /* SettingsItemCell.swift */ = {isa = PBXFileReference; lastKnownFileType = sourcecode.swift; path = SettingsItemCell.swift; sourceTree = "<group>"; };
		E12FFC7823D42FDF00705CFC /* SettingsSelectionCell.swift */ = {isa = PBXFileReference; lastKnownFileType = sourcecode.swift; path = SettingsSelectionCell.swift; sourceTree = "<group>"; };
		E12FFC7A23D4310600705CFC /* EditItemsViewController.swift */ = {isa = PBXFileReference; lastKnownFileType = sourcecode.swift; path = EditItemsViewController.swift; sourceTree = "<group>"; };
		E12FFC7D23D4312F00705CFC /* EditItemsViewModel.swift */ = {isa = PBXFileReference; lastKnownFileType = sourcecode.swift; path = EditItemsViewModel.swift; sourceTree = "<group>"; };
		E12FFC7F23D432F300705CFC /* EditItemRow.swift */ = {isa = PBXFileReference; lastKnownFileType = sourcecode.swift; path = EditItemRow.swift; sourceTree = "<group>"; };
		E12FFC8123D43A9500705CFC /* CreateItemViewController.swift */ = {isa = PBXFileReference; lastKnownFileType = sourcecode.swift; path = CreateItemViewController.swift; sourceTree = "<group>"; };
		E12FFC8323D43AB400705CFC /* CreateItemViewModel.swift */ = {isa = PBXFileReference; lastKnownFileType = sourcecode.swift; path = CreateItemViewModel.swift; sourceTree = "<group>"; };
		E12FFC8623D43C0D00705CFC /* PracticeRow.swift */ = {isa = PBXFileReference; lastKnownFileType = sourcecode.swift; path = PracticeRow.swift; sourceTree = "<group>"; };
		E12FFC8823D4416500705CFC /* EditItemCell.swift */ = {isa = PBXFileReference; lastKnownFileType = sourcecode.swift; path = EditItemCell.swift; sourceTree = "<group>"; };
		E12FFC8A23D4D19C00705CFC /* RequestFeatureViewController.swift */ = {isa = PBXFileReference; lastKnownFileType = sourcecode.swift; path = RequestFeatureViewController.swift; sourceTree = "<group>"; };
		E12FFC8C23D4D1CA00705CFC /* RequestFeatureViewModel.swift */ = {isa = PBXFileReference; lastKnownFileType = sourcecode.swift; path = RequestFeatureViewModel.swift; sourceTree = "<group>"; };
		E12FFC9323D5063A00705CFC /* Instrument+CoreDataClass.swift */ = {isa = PBXFileReference; lastKnownFileType = sourcecode.swift; path = "Instrument+CoreDataClass.swift"; sourceTree = "<group>"; };
		E12FFC9423D5063A00705CFC /* Instrument+CoreDataProperties.swift */ = {isa = PBXFileReference; lastKnownFileType = sourcecode.swift; path = "Instrument+CoreDataProperties.swift"; sourceTree = "<group>"; };
		E12FFC9523D5063A00705CFC /* Piece+CoreDataClass.swift */ = {isa = PBXFileReference; lastKnownFileType = sourcecode.swift; path = "Piece+CoreDataClass.swift"; sourceTree = "<group>"; };
		E12FFC9623D5063A00705CFC /* Piece+CoreDataProperties.swift */ = {isa = PBXFileReference; lastKnownFileType = sourcecode.swift; path = "Piece+CoreDataProperties.swift"; sourceTree = "<group>"; };
		E12FFC9723D5063A00705CFC /* Practice+CoreDataClass.swift */ = {isa = PBXFileReference; lastKnownFileType = sourcecode.swift; path = "Practice+CoreDataClass.swift"; sourceTree = "<group>"; };
		E12FFC9823D5063A00705CFC /* Practice+CoreDataProperties.swift */ = {isa = PBXFileReference; lastKnownFileType = sourcecode.swift; path = "Practice+CoreDataProperties.swift"; sourceTree = "<group>"; };
		E12FFC9923D5063A00705CFC /* Group+CoreDataClass.swift */ = {isa = PBXFileReference; lastKnownFileType = sourcecode.swift; path = "Group+CoreDataClass.swift"; sourceTree = "<group>"; };
		E12FFC9A23D5063A00705CFC /* Group+CoreDataProperties.swift */ = {isa = PBXFileReference; lastKnownFileType = sourcecode.swift; path = "Group+CoreDataProperties.swift"; sourceTree = "<group>"; };
		E12FFCA523D5087000705CFC /* EditPieceViewController.swift */ = {isa = PBXFileReference; lastKnownFileType = sourcecode.swift; path = EditPieceViewController.swift; sourceTree = "<group>"; };
		E12FFCA723D508D500705CFC /* EditPieceViewModel.swift */ = {isa = PBXFileReference; lastKnownFileType = sourcecode.swift; path = EditPieceViewModel.swift; sourceTree = "<group>"; };
		E12FFCAA23D50A6400705CFC /* TextFieldCell.swift */ = {isa = PBXFileReference; lastKnownFileType = sourcecode.swift; path = TextFieldCell.swift; sourceTree = "<group>"; };
		E12FFCAC23D50D5800705CFC /* EditPieceRow.swift */ = {isa = PBXFileReference; lastKnownFileType = sourcecode.swift; path = EditPieceRow.swift; sourceTree = "<group>"; };
		E12FFCAE23D5142500705CFC /* Array+Diff.swift */ = {isa = PBXFileReference; lastKnownFileType = sourcecode.swift; path = "Array+Diff.swift"; sourceTree = "<group>"; };
		E12FFCB023D51C6F00705CFC /* PiecesRow.swift */ = {isa = PBXFileReference; lastKnownFileType = sourcecode.swift; path = PiecesRow.swift; sourceTree = "<group>"; };
		E12FFCB223D53F8900705CFC /* PieceCell.swift */ = {isa = PBXFileReference; lastKnownFileType = sourcecode.swift; path = PieceCell.swift; sourceTree = "<group>"; };
		E12FFCB423D5412200705CFC /* SelectionCell.swift */ = {isa = PBXFileReference; lastKnownFileType = sourcecode.swift; path = SelectionCell.swift; sourceTree = "<group>"; };
		E12FFCB623D54D4F00705CFC /* PickerViewController.swift */ = {isa = PBXFileReference; lastKnownFileType = sourcecode.swift; path = PickerViewController.swift; sourceTree = "<group>"; };
		E12FFCB823D54F4300705CFC /* PickerViewModel.swift */ = {isa = PBXFileReference; lastKnownFileType = sourcecode.swift; path = PickerViewModel.swift; sourceTree = "<group>"; };
		E12FFCBD23D568D600705CFC /* Selectable.swift */ = {isa = PBXFileReference; lastKnownFileType = sourcecode.swift; path = Selectable.swift; sourceTree = "<group>"; };
		E12FFCC023D57C7E00705CFC /* Verifiable.swift */ = {isa = PBXFileReference; lastKnownFileType = sourcecode.swift; path = Verifiable.swift; sourceTree = "<group>"; };
		E13109FC240393290092579C /* PlaybackRow.swift */ = {isa = PBXFileReference; lastKnownFileType = sourcecode.swift; path = PlaybackRow.swift; sourceTree = "<group>"; };
		E13C133223FF6A4F0080EA79 /* RecordingCell.swift */ = {isa = PBXFileReference; lastKnownFileType = sourcecode.swift; path = RecordingCell.swift; sourceTree = "<group>"; };
		E13C133523FF74590080EA79 /* Section+CoreDataClass.swift */ = {isa = PBXFileReference; lastKnownFileType = sourcecode.swift; path = "Section+CoreDataClass.swift"; sourceTree = "<group>"; };
		E13C133623FF74590080EA79 /* Section+CoreDataProperties.swift */ = {isa = PBXFileReference; lastKnownFileType = sourcecode.swift; path = "Section+CoreDataProperties.swift"; sourceTree = "<group>"; };
		E146BAE723D251420036052B /* HomeViewModel.swift */ = {isa = PBXFileReference; lastKnownFileType = sourcecode.swift; path = HomeViewModel.swift; sourceTree = "<group>"; };
		E146BAEA23D251510036052B /* PiecesViewModel.swift */ = {isa = PBXFileReference; lastKnownFileType = sourcecode.swift; path = PiecesViewModel.swift; sourceTree = "<group>"; };
		E146BAED23D2515F0036052B /* YouViewModel.swift */ = {isa = PBXFileReference; lastKnownFileType = sourcecode.swift; path = YouViewModel.swift; sourceTree = "<group>"; };
		E146BAEF23D2535A0036052B /* CurrentPracticeState.swift */ = {isa = PBXFileReference; lastKnownFileType = sourcecode.swift; path = CurrentPracticeState.swift; sourceTree = "<group>"; };
		E146BAF123D257820036052B /* PracticeViewController.swift */ = {isa = PBXFileReference; lastKnownFileType = sourcecode.swift; path = PracticeViewController.swift; sourceTree = "<group>"; };
		E146BAF323D2579C0036052B /* PracticeViewModel.swift */ = {isa = PBXFileReference; lastKnownFileType = sourcecode.swift; path = PracticeViewModel.swift; sourceTree = "<group>"; };
		E146BAF623D258A20036052B /* AdagioViewController.swift */ = {isa = PBXFileReference; lastKnownFileType = sourcecode.swift; path = AdagioViewController.swift; sourceTree = "<group>"; };
		E146BAF823D258EA0036052B /* UIColor+Adagio.swift */ = {isa = PBXFileReference; lastKnownFileType = sourcecode.swift; path = "UIColor+Adagio.swift"; sourceTree = "<group>"; };
		E1522AEB23DF9E9F00221A79 /* BouncyLayout.swift */ = {isa = PBXFileReference; lastKnownFileType = sourcecode.swift; path = BouncyLayout.swift; sourceTree = "<group>"; };
		E1522AF023E0126900221A79 /* FocusSectionViewController.swift */ = {isa = PBXFileReference; lastKnownFileType = sourcecode.swift; path = FocusSectionViewController.swift; sourceTree = "<group>"; };
		E1522AF323E012BF00221A79 /* AddPieceCell.swift */ = {isa = PBXFileReference; lastKnownFileType = sourcecode.swift; path = AddPieceCell.swift; sourceTree = "<group>"; };
		E156B62023EE5643004900F3 /* PracticeSectionCell.swift */ = {isa = PBXFileReference; lastKnownFileType = sourcecode.swift; path = PracticeSectionCell.swift; sourceTree = "<group>"; };
		E16B880723D2F3C400A8CF07 /* HomeRow.swift */ = {isa = PBXFileReference; lastKnownFileType = sourcecode.swift; path = HomeRow.swift; sourceTree = "<group>"; };
		E16B880A23D2F6AB00A8CF07 /* HomeSubtitleCell.swift */ = {isa = PBXFileReference; lastKnownFileType = sourcecode.swift; path = HomeSubtitleCell.swift; sourceTree = "<group>"; };
		E16B880C23D2FBF800A8CF07 /* AdagioCell.swift */ = {isa = PBXFileReference; lastKnownFileType = sourcecode.swift; path = AdagioCell.swift; sourceTree = "<group>"; };
		E16EB6D523EA9BD600BE6800 /* TestData.swift */ = {isa = PBXFileReference; lastKnownFileType = sourcecode.swift; path = TestData.swift; sourceTree = "<group>"; };
		E17736E123EB3ED60059411F /* SectionView.swift */ = {isa = PBXFileReference; lastKnownFileType = sourcecode.swift; path = SectionView.swift; sourceTree = "<group>"; };
		E17736E423EB842C0059411F /* SegmentCell.swift */ = {isa = PBXFileReference; lastKnownFileType = sourcecode.swift; path = SegmentCell.swift; sourceTree = "<group>"; };
		E17C8ADD23D2488200C74BBD /* AdagioModel.xcdatamodel */ = {isa = PBXFileReference; lastKnownFileType = wrapper.xcdatamodel; path = AdagioModel.xcdatamodel; sourceTree = "<group>"; };
		E17C8ADF23D24E0D00C74BBD /* SharedPips.xcodeproj */ = {isa = PBXFileReference; lastKnownFileType = "wrapper.pb-project"; name = SharedPips.xcodeproj; path = ../SharedPips/SharedPips.xcodeproj; sourceTree = "<group>"; };
		E17F4F0B23FF5DD200EB7C2C /* Recording+CoreDataClass.swift */ = {isa = PBXFileReference; lastKnownFileType = sourcecode.swift; path = "Recording+CoreDataClass.swift"; sourceTree = "<group>"; };
		E17F4F0C23FF5DD200EB7C2C /* Recording+CoreDataProperties.swift */ = {isa = PBXFileReference; lastKnownFileType = sourcecode.swift; path = "Recording+CoreDataProperties.swift"; sourceTree = "<group>"; };
		E181303D23D810B300A45C8B /* Editable.swift */ = {isa = PBXFileReference; lastKnownFileType = sourcecode.swift; path = Editable.swift; sourceTree = "<group>"; };
		E194A08B23E6820B00EBD857 /* Haptics.swift */ = {isa = PBXFileReference; lastKnownFileType = sourcecode.swift; path = Haptics.swift; sourceTree = "<group>"; };
		E1A2CC8723D24E810054522B /* HomeViewController.swift */ = {isa = PBXFileReference; lastKnownFileType = sourcecode.swift; path = HomeViewController.swift; sourceTree = "<group>"; };
		E1A2CC8923D24EA70054522B /* PiecesViewController.swift */ = {isa = PBXFileReference; lastKnownFileType = sourcecode.swift; path = PiecesViewController.swift; sourceTree = "<group>"; };
		E1A2CC8B23D24EAD0054522B /* YouViewController.swift */ = {isa = PBXFileReference; lastKnownFileType = sourcecode.swift; path = YouViewController.swift; sourceTree = "<group>"; };
		E1A53AC723E6B2190059BBD5 /* CurrentPracticeTimer.swift */ = {isa = PBXFileReference; lastKnownFileType = sourcecode.swift; path = CurrentPracticeTimer.swift; sourceTree = "<group>"; };
		E1A53AEC23E8A3C50059BBD5 /* FocusSectionViewModel.swift */ = {isa = PBXFileReference; lastKnownFileType = sourcecode.swift; path = FocusSectionViewModel.swift; sourceTree = "<group>"; };
		E1A53AEE23E8A3CB0059BBD5 /* FocusSectionRow.swift */ = {isa = PBXFileReference; lastKnownFileType = sourcecode.swift; path = FocusSectionRow.swift; sourceTree = "<group>"; };
		E1AA21D423E2B12F00D299CC /* CurrentSessionBar.swift */ = {isa = PBXFileReference; lastKnownFileType = sourcecode.swift; path = CurrentSessionBar.swift; sourceTree = "<group>"; };
		E1AC840723FE629E00DB4DD8 /* RecordingViewController.swift */ = {isa = PBXFileReference; lastKnownFileType = sourcecode.swift; path = RecordingViewController.swift; sourceTree = "<group>"; };
		E1AC840B23FE66B900DB4DD8 /* RecordingViewModel.swift */ = {isa = PBXFileReference; lastKnownFileType = sourcecode.swift; path = RecordingViewModel.swift; sourceTree = "<group>"; };
		E1C5FE5624482EE6008130AE /* SettingsTitleCell.swift */ = {isa = PBXFileReference; lastKnownFileType = sourcecode.swift; path = SettingsTitleCell.swift; sourceTree = "<group>"; };
		E1C5FE5924483653008130AE /* darkAppIcon.png */ = {isa = PBXFileReference; lastKnownFileType = image.png; path = darkAppIcon.png; sourceTree = "<group>"; };
		E1C5FE5A24483653008130AE /* darkAppIcon@3x.png */ = {isa = PBXFileReference; lastKnownFileType = image.png; path = "darkAppIcon@3x.png"; sourceTree = "<group>"; };
		E1C5FE5B24483653008130AE /* darkAppIcon@2x.png */ = {isa = PBXFileReference; lastKnownFileType = image.png; path = "darkAppIcon@2x.png"; sourceTree = "<group>"; };
		E1C5FE602448BBEF008130AE /* SettingsAppIconCell.swift */ = {isa = PBXFileReference; lastKnownFileType = sourcecode.swift; path = SettingsAppIconCell.swift; sourceTree = "<group>"; };
		E1C5FE622448C692008130AE /* AppIcon.swift */ = {isa = PBXFileReference; lastKnownFileType = sourcecode.swift; path = AppIcon.swift; sourceTree = "<group>"; };
		E1CA892223D1098600E4FD3C /* CoreDataManager.swift */ = {isa = PBXFileReference; lastKnownFileType = sourcecode.swift; path = CoreDataManager.swift; sourceTree = "<group>"; };
		E1CBB3C5240A3A6200BF20A3 /* EndPracticeViewController.swift */ = {isa = PBXFileReference; lastKnownFileType = sourcecode.swift; path = EndPracticeViewController.swift; sourceTree = "<group>"; };
		E1CBB3C8240A3A6900BF20A3 /* EndPracticeViewModel.swift */ = {isa = PBXFileReference; lastKnownFileType = sourcecode.swift; path = EndPracticeViewModel.swift; sourceTree = "<group>"; };
		E1CF208123EA14B200E05E12 /* PracticeEntryCell.swift */ = {isa = PBXFileReference; lastKnownFileType = sourcecode.swift; path = PracticeEntryCell.swift; sourceTree = "<group>"; };
		E1CF208423EA29FA00E05E12 /* IconLabelView.swift */ = {isa = PBXFileReference; lastKnownFileType = sourcecode.swift; path = IconLabelView.swift; sourceTree = "<group>"; };
		E1D34FC42403900F0097C3C2 /* PlaybackViewController.swift */ = {isa = PBXFileReference; lastKnownFileType = sourcecode.swift; path = PlaybackViewController.swift; sourceTree = "<group>"; };
		E1D34FC7240390190097C3C2 /* PlaybackViewModel.swift */ = {isa = PBXFileReference; lastKnownFileType = sourcecode.swift; path = PlaybackViewModel.swift; sourceTree = "<group>"; };
		E1DBC94723F1E960003F8012 /* RadioCell.swift */ = {isa = PBXFileReference; lastKnownFileType = sourcecode.swift; path = RadioCell.swift; sourceTree = "<group>"; };
		E1DC38AB2454D96A0002BB64 /* CurrentPractice.json */ = {isa = PBXFileReference; lastKnownFileType = text.json; path = CurrentPractice.json; sourceTree = "<group>"; };
		E1E869CC23E5431C00569475 /* ChoosePieceViewModel.swift */ = {isa = PBXFileReference; lastKnownFileType = sourcecode.swift; path = ChoosePieceViewModel.swift; sourceTree = "<group>"; };
		E1E869CF23E5627B00569475 /* HideKeyboardButton.swift */ = {isa = PBXFileReference; lastKnownFileType = sourcecode.swift; path = HideKeyboardButton.swift; sourceTree = "<group>"; };
		E1E869D223E56A6000569475 /* DeletePracticeCell.swift */ = {isa = PBXFileReference; lastKnownFileType = sourcecode.swift; path = DeletePracticeCell.swift; sourceTree = "<group>"; };
		E1F3110C23D6D01F008A2BBD /* Titlable.swift */ = {isa = PBXFileReference; lastKnownFileType = sourcecode.swift; path = Titlable.swift; sourceTree = "<group>"; };
/* End PBXFileReference section */

/* Begin PBXFrameworksBuildPhase section */
		E103FEB023CE6B6E00BDE96A /* Frameworks */ = {
			isa = PBXFrameworksBuildPhase;
			buildActionMask = 2147483647;
			files = (
				E1A2CC8323D24E2E0054522B /* SharedPips.framework in Frameworks */,
			);
			runOnlyForDeploymentPostprocessing = 0;
		};
/* End PBXFrameworksBuildPhase section */

/* Begin PBXGroup section */
		E103FEAA23CE6B6E00BDE96A = {
			isa = PBXGroup;
			children = (
				E17C8ADF23D24E0D00C74BBD /* SharedPips.xcodeproj */,
				E103FEB523CE6B6F00BDE96A /* Adagio */,
				E103FEB423CE6B6F00BDE96A /* Products */,
				E1A2CC8123D24E2E0054522B /* Frameworks */,
			);
			sourceTree = "<group>";
		};
		E103FEB423CE6B6F00BDE96A /* Products */ = {
			isa = PBXGroup;
			children = (
				E103FEB323CE6B6F00BDE96A /* Adagio.app */,
			);
			name = Products;
			sourceTree = "<group>";
		};
		E103FEB523CE6B6F00BDE96A /* Adagio */ = {
			isa = PBXGroup;
			children = (
				E103FEB623CE6B6F00BDE96A /* AppDelegate.swift */,
				E103FEBA23CE6B6F00BDE96A /* RootViewController.swift */,
				E1AA21D423E2B12F00D299CC /* CurrentSessionBar.swift */,
				E1A2CC8E23D250A90054522B /* ViewControllers */,
				E1A2CC8D23D24ED90054522B /* CoreData */,
				E146BAEF23D2535A0036052B /* CurrentPracticeState.swift */,
				E1A53AC723E6B2190059BBD5 /* CurrentPracticeTimer.swift */,
				E1E869CF23E5627B00569475 /* HideKeyboardButton.swift */,
				E194A08B23E6820B00EBD857 /* Haptics.swift */,
				E146BAF623D258A20036052B /* AdagioViewController.swift */,
				E16B880C23D2FBF800A8CF07 /* AdagioCell.swift */,
				E12FFC7223D3EDD400705CFC /* SpacerCell.swift */,
				E12FFCAE23D5142500705CFC /* Array+Diff.swift */,
				E12FFCBD23D568D600705CFC /* Selectable.swift */,
				E12FFCC023D57C7E00705CFC /* Verifiable.swift */,
				E1F3110C23D6D01F008A2BBD /* Titlable.swift */,
				E181303D23D810B300A45C8B /* Editable.swift */,
				E146BAF823D258EA0036052B /* UIColor+Adagio.swift */,
				E1522AEB23DF9E9F00221A79 /* BouncyLayout.swift */,
				E10C482B23FA409E00F47E23 /* UIViewController+RemoveFromParent.swift */,
				E1C5FE622448C692008130AE /* AppIcon.swift */,
				E1DC38AB2454D96A0002BB64 /* CurrentPractice.json */,
				E1C5FE5F24483657008130AE /* darkAppIcon */,
				E17C8ADC23D2488200C74BBD /* AdagioModel.xcdatamodeld */,
				E103FEBC23CE6B6F00BDE96A /* Main.storyboard */,
				E103FEBF23CE6B7100BDE96A /* Assets.xcassets */,
				E103FEC123CE6B7100BDE96A /* LaunchScreen.storyboard */,
				E103FEC423CE6B7100BDE96A /* Info.plist */,
			);
			path = Adagio;
			sourceTree = "<group>";
		};
		E10C483923FB1B2C00F47E23 /* ImageViewController */ = {
			isa = PBXGroup;
			children = (
				E10C483723FB1B2600F47E23 /* ImageViewController.swift */,
				E124024B2462255800CB38EA /* ImagePageViewController.swift */,
				E10C483A23FB1B3500F47E23 /* ImageViewModel.swift */,
				E10C483C23FB1B3900F47E23 /* ImageRow.swift */,
				E10C483E23FB1CA800F47E23 /* ImageCell.swift */,
			);
			path = ImageViewController;
			sourceTree = "<group>";
		};
		E12FFC6923D390F900705CFC /* SettingsViewController */ = {
			isa = PBXGroup;
			children = (
				E12FFC6723D3909C00705CFC /* SettingsViewController.swift */,
				E12FFC6A23D3915200705CFC /* SettingsViewModel.swift */,
				E16EB6D523EA9BD600BE6800 /* TestData.swift */,
				E12FFC6C23D3917600705CFC /* SettingsRow.swift */,
				E12FFC7023D3D94300705CFC /* SettingsType.swift */,
				E1C5FE602448BBEF008130AE /* SettingsAppIconCell.swift */,
				E1C5FE5624482EE6008130AE /* SettingsTitleCell.swift */,
				E12FFC6E23D393C900705CFC /* SettingsSectionCell.swift */,
				E12FFC7423D40A7F00705CFC /* SettingsBoolCell.swift */,
				E12FFC7623D4245400705CFC /* SettingsItemCell.swift */,
				E12FFC7823D42FDF00705CFC /* SettingsSelectionCell.swift */,
			);
			path = SettingsViewController;
			sourceTree = "<group>";
		};
		E12FFC7C23D4312500705CFC /* EditItemsViewController */ = {
			isa = PBXGroup;
			children = (
				E12FFC7A23D4310600705CFC /* EditItemsViewController.swift */,
				E12FFC7D23D4312F00705CFC /* EditItemsViewModel.swift */,
				E12FFC7F23D432F300705CFC /* EditItemRow.swift */,
				E12FFC8823D4416500705CFC /* EditItemCell.swift */,
			);
			path = EditItemsViewController;
			sourceTree = "<group>";
		};
		E12FFC8523D43ABA00705CFC /* CreateItemViewController */ = {
			isa = PBXGroup;
			children = (
				E12FFC8123D43A9500705CFC /* CreateItemViewController.swift */,
				E12FFC8323D43AB400705CFC /* CreateItemViewModel.swift */,
			);
			path = CreateItemViewController;
			sourceTree = "<group>";
		};
		E12FFC8E23D4D1FC00705CFC /* RequestFeatureViewController */ = {
			isa = PBXGroup;
			children = (
				E12FFC8A23D4D19C00705CFC /* RequestFeatureViewController.swift */,
				E12FFC8C23D4D1CA00705CFC /* RequestFeatureViewModel.swift */,
			);
			path = RequestFeatureViewController;
			sourceTree = "<group>";
		};
		E12FFCA923D5093200705CFC /* EditPieceViewController */ = {
			isa = PBXGroup;
			children = (
				E12FFCA523D5087000705CFC /* EditPieceViewController.swift */,
				E12FFCA723D508D500705CFC /* EditPieceViewModel.swift */,
				E12FFCAC23D50D5800705CFC /* EditPieceRow.swift */,
				E17736E423EB842C0059411F /* SegmentCell.swift */,
			);
			path = EditPieceViewController;
			sourceTree = "<group>";
		};
		E12FFCBA23D54FE600705CFC /* PickerViewController */ = {
			isa = PBXGroup;
			children = (
				E12FFCB623D54D4F00705CFC /* PickerViewController.swift */,
				E12FFCB823D54F4300705CFC /* PickerViewModel.swift */,
			);
			path = PickerViewController;
			sourceTree = "<group>";
		};
		E146BAE323D251230036052B /* HomeViewController */ = {
			isa = PBXGroup;
			children = (
				E1A2CC8723D24E810054522B /* HomeViewController.swift */,
				E146BAE723D251420036052B /* HomeViewModel.swift */,
				E16B880723D2F3C400A8CF07 /* HomeRow.swift */,
			);
			path = HomeViewController;
			sourceTree = "<group>";
		};
		E146BAE523D251290036052B /* PiecesViewController */ = {
			isa = PBXGroup;
			children = (
				E1A2CC8923D24EA70054522B /* PiecesViewController.swift */,
				E146BAEA23D251510036052B /* PiecesViewModel.swift */,
				E12FFCB023D51C6F00705CFC /* PiecesRow.swift */,
				E12FFCB223D53F8900705CFC /* PieceCell.swift */,
			);
			path = PiecesViewController;
			sourceTree = "<group>";
		};
		E146BAE623D2512F0036052B /* YouViewController */ = {
			isa = PBXGroup;
			children = (
				E1A2CC8B23D24EAD0054522B /* YouViewController.swift */,
				E146BAED23D2515F0036052B /* YouViewModel.swift */,
				E12FFC6423D38C5200705CFC /* YouRow.swift */,
			);
			path = YouViewController;
			sourceTree = "<group>";
		};
		E146BAF523D257EA0036052B /* PracticeViewController */ = {
			isa = PBXGroup;
			children = (
				E10C482823F9E5BB00F47E23 /* RootPracticeViewController.swift */,
				E146BAF323D2579C0036052B /* PracticeViewModel.swift */,
				E146BAF123D257820036052B /* PracticeViewController.swift */,
				E12FFC8623D43C0D00705CFC /* PracticeRow.swift */,
				E1522AF323E012BF00221A79 /* AddPieceCell.swift */,
				E156B62023EE5643004900F3 /* PracticeSectionCell.swift */,
				E1E869D223E56A6000569475 /* DeletePracticeCell.swift */,
				E10CE1FC23E53F7500BE8537 /* ChoosePieceViewController.swift */,
				E1E869CC23E5431C00569475 /* ChoosePieceViewModel.swift */,
			);
			path = PracticeViewController;
			sourceTree = "<group>";
		};
		E1522AF223E0126C00221A79 /* FocusSectionViewController */ = {
			isa = PBXGroup;
			children = (
				E1522AF023E0126900221A79 /* FocusSectionViewController.swift */,
				E1A53AEC23E8A3C50059BBD5 /* FocusSectionViewModel.swift */,
				E1A53AEE23E8A3CB0059BBD5 /* FocusSectionRow.swift */,
				E13C133223FF6A4F0080EA79 /* RecordingCell.swift */,
				E108808D240B7AA200631DE2 /* ViewPieceCell.swift */,
			);
			path = FocusSectionViewController;
			sourceTree = "<group>";
		};
		E17C8AE023D24E0D00C74BBD /* Products */ = {
			isa = PBXGroup;
			children = (
				E17C8AE423D24E0D00C74BBD /* SharedPips.framework */,
			);
			name = Products;
			sourceTree = "<group>";
		};
		E1A2CC8123D24E2E0054522B /* Frameworks */ = {
			isa = PBXGroup;
			children = (
			);
			name = Frameworks;
			sourceTree = "<group>";
		};
		E1A2CC8D23D24ED90054522B /* CoreData */ = {
			isa = PBXGroup;
			children = (
				E1CA892223D1098600E4FD3C /* CoreDataManager.swift */,
				E12FFC9323D5063A00705CFC /* Instrument+CoreDataClass.swift */,
				E12FFC9423D5063A00705CFC /* Instrument+CoreDataProperties.swift */,
				E12FFC9523D5063A00705CFC /* Piece+CoreDataClass.swift */,
				E12FFC9623D5063A00705CFC /* Piece+CoreDataProperties.swift */,
				E12FFC9723D5063A00705CFC /* Practice+CoreDataClass.swift */,
				E12FFC9823D5063A00705CFC /* Practice+CoreDataProperties.swift */,
				E12FFC9923D5063A00705CFC /* Group+CoreDataClass.swift */,
				E12FFC9A23D5063A00705CFC /* Group+CoreDataProperties.swift */,
				E13C133523FF74590080EA79 /* Section+CoreDataClass.swift */,
				E13C133623FF74590080EA79 /* Section+CoreDataProperties.swift */,
				E17F4F0B23FF5DD200EB7C2C /* Recording+CoreDataClass.swift */,
				E17F4F0C23FF5DD200EB7C2C /* Recording+CoreDataProperties.swift */,
				E10C483323FA65F300F47E23 /* Image.swift */,
			);
			path = CoreData;
			sourceTree = "<group>";
		};
		E1A2CC8E23D250A90054522B /* ViewControllers */ = {
			isa = PBXGroup;
			children = (
				E16B880A23D2F6AB00A8CF07 /* HomeSubtitleCell.swift */,
				E12FFCAA23D50A6400705CFC /* TextFieldCell.swift */,
				E12FFCB423D5412200705CFC /* SelectionCell.swift */,
				E10C482D23FA63D900F47E23 /* ImageSelectionCell.swift */,
				E10C483523FA672600F47E23 /* ImageView.swift */,
				E1DBC94723F1E960003F8012 /* RadioCell.swift */,
				E1CF208123EA14B200E05E12 /* PracticeEntryCell.swift */,
				E17736E123EB3ED60059411F /* SectionView.swift */,
				E1CF208423EA29FA00E05E12 /* IconLabelView.swift */,
				E124024E24622D0000CB38EA /* OnboardingViewController.swift */,
				E146BAE323D251230036052B /* HomeViewController */,
				E146BAE523D251290036052B /* PiecesViewController */,
				E12FFCA923D5093200705CFC /* EditPieceViewController */,
				E10C483923FB1B2C00F47E23 /* ImageViewController */,
				E146BAE623D2512F0036052B /* YouViewController */,
				E12FFC6923D390F900705CFC /* SettingsViewController */,
				E12FFC7C23D4312500705CFC /* EditItemsViewController */,
				E12FFC8E23D4D1FC00705CFC /* RequestFeatureViewController */,
				E146BAF523D257EA0036052B /* PracticeViewController */,
				E1522AF223E0126C00221A79 /* FocusSectionViewController */,
				E1AC840A23FE66AE00DB4DD8 /* RecordingViewController */,
				E1D34FC92403901C0097C3C2 /* PlaybackViewController */,
				E12FFCBA23D54FE600705CFC /* PickerViewController */,
				E12FFC8523D43ABA00705CFC /* CreateItemViewController */,
				E1CBB3CA240A3A6E00BF20A3 /* EndPracticeViewController */,
			);
			path = ViewControllers;
			sourceTree = "<group>";
		};
		E1AC840A23FE66AE00DB4DD8 /* RecordingViewController */ = {
			isa = PBXGroup;
			children = (
				E1AC840723FE629E00DB4DD8 /* RecordingViewController.swift */,
				E1AC840B23FE66B900DB4DD8 /* RecordingViewModel.swift */,
			);
			path = RecordingViewController;
			sourceTree = "<group>";
		};
		E1C5FE5F24483657008130AE /* darkAppIcon */ = {
			isa = PBXGroup;
			children = (
				E1C5FE5924483653008130AE /* darkAppIcon.png */,
				E1C5FE5B24483653008130AE /* darkAppIcon@2x.png */,
				E1C5FE5A24483653008130AE /* darkAppIcon@3x.png */,
			);
			path = darkAppIcon;
			sourceTree = "<group>";
		};
		E1CBB3CA240A3A6E00BF20A3 /* EndPracticeViewController */ = {
			isa = PBXGroup;
			children = (
				E1CBB3C5240A3A6200BF20A3 /* EndPracticeViewController.swift */,
				E1CBB3C8240A3A6900BF20A3 /* EndPracticeViewModel.swift */,
			);
			path = EndPracticeViewController;
			sourceTree = "<group>";
		};
		E1D34FC92403901C0097C3C2 /* PlaybackViewController */ = {
			isa = PBXGroup;
			children = (
				E1D34FC42403900F0097C3C2 /* PlaybackViewController.swift */,
				E1D34FC7240390190097C3C2 /* PlaybackViewModel.swift */,
				E13109FC240393290092579C /* PlaybackRow.swift */,
			);
			path = PlaybackViewController;
			sourceTree = "<group>";
		};
/* End PBXGroup section */

/* Begin PBXNativeTarget section */
		E103FEB223CE6B6E00BDE96A /* Adagio */ = {
			isa = PBXNativeTarget;
			buildConfigurationList = E103FEC723CE6B7100BDE96A /* Build configuration list for PBXNativeTarget "Adagio" */;
			buildPhases = (
				E103FEAF23CE6B6E00BDE96A /* Sources */,
				E103FEB023CE6B6E00BDE96A /* Frameworks */,
				E103FEB123CE6B6E00BDE96A /* Resources */,
				E1A2CC8523D24E2E0054522B /* Embed Frameworks */,
			);
			buildRules = (
			);
			dependencies = (
			);
			name = Adagio;
			packageProductDependencies = (
			);
			productName = Adagio;
			productReference = E103FEB323CE6B6F00BDE96A /* Adagio.app */;
			productType = "com.apple.product-type.application";
		};
/* End PBXNativeTarget section */

/* Begin PBXProject section */
		E103FEAB23CE6B6E00BDE96A /* Project object */ = {
			isa = PBXProject;
			attributes = {
				LastSwiftUpdateCheck = 1130;
				LastUpgradeCheck = 1130;
				ORGANIZATIONNAME = "Ethan Pippin";
				TargetAttributes = {
					E103FEB223CE6B6E00BDE96A = {
						CreatedOnToolsVersion = 11.3;
					};
				};
			};
			buildConfigurationList = E103FEAE23CE6B6E00BDE96A /* Build configuration list for PBXProject "Adagio" */;
			compatibilityVersion = "Xcode 9.3";
			developmentRegion = en;
			hasScannedForEncodings = 0;
			knownRegions = (
				en,
				Base,
			);
			mainGroup = E103FEAA23CE6B6E00BDE96A;
			packageReferences = (
			);
			productRefGroup = E103FEB423CE6B6F00BDE96A /* Products */;
			projectDirPath = "";
			projectReferences = (
				{
					ProductGroup = E17C8AE023D24E0D00C74BBD /* Products */;
					ProjectRef = E17C8ADF23D24E0D00C74BBD /* SharedPips.xcodeproj */;
				},
			);
			projectRoot = "";
			targets = (
				E103FEB223CE6B6E00BDE96A /* Adagio */,
			);
		};
/* End PBXProject section */

/* Begin PBXReferenceProxy section */
		E17C8AE423D24E0D00C74BBD /* SharedPips.framework */ = {
			isa = PBXReferenceProxy;
			fileType = wrapper.framework;
			path = SharedPips.framework;
			remoteRef = E17C8AE323D24E0D00C74BBD /* PBXContainerItemProxy */;
			sourceTree = BUILT_PRODUCTS_DIR;
		};
/* End PBXReferenceProxy section */

/* Begin PBXResourcesBuildPhase section */
		E103FEB123CE6B6E00BDE96A /* Resources */ = {
			isa = PBXResourcesBuildPhase;
			buildActionMask = 2147483647;
			files = (
				E103FEC323CE6B7100BDE96A /* LaunchScreen.storyboard in Resources */,
				E1DC38AC2454D96A0002BB64 /* CurrentPractice.json in Resources */,
				E1C5FE5D24483653008130AE /* darkAppIcon@3x.png in Resources */,
				E103FEC023CE6B7100BDE96A /* Assets.xcassets in Resources */,
				E1C5FE5E24483653008130AE /* darkAppIcon@2x.png in Resources */,
				E1C5FE5C24483653008130AE /* darkAppIcon.png in Resources */,
				E103FEBE23CE6B6F00BDE96A /* Main.storyboard in Resources */,
			);
			runOnlyForDeploymentPostprocessing = 0;
		};
/* End PBXResourcesBuildPhase section */

/* Begin PBXSourcesBuildPhase section */
		E103FEAF23CE6B6E00BDE96A /* Sources */ = {
			isa = PBXSourcesBuildPhase;
			buildActionMask = 2147483647;
			files = (
				E12FFC7123D3D94300705CFC /* SettingsType.swift in Sources */,
				E1D34FC52403900F0097C3C2 /* PlaybackViewController.swift in Sources */,
				E12FFCA423D5063A00705CFC /* Group+CoreDataProperties.swift in Sources */,
				E1A2CC8823D24E810054522B /* HomeViewController.swift in Sources */,
				E1A53AEF23E8A3CB0059BBD5 /* FocusSectionRow.swift in Sources */,
				E12FFC7523D40A7F00705CFC /* SettingsBoolCell.swift in Sources */,
				E12FFC8023D432F300705CFC /* EditItemRow.swift in Sources */,
				E1A2CC8C23D24EAD0054522B /* YouViewController.swift in Sources */,
				E103FEBB23CE6B6F00BDE96A /* RootViewController.swift in Sources */,
				E1522AF423E012BF00221A79 /* AddPieceCell.swift in Sources */,
				E12FFC8923D4416500705CFC /* EditItemCell.swift in Sources */,
				E13C133823FF74590080EA79 /* Section+CoreDataProperties.swift in Sources */,
				E12FFC7E23D4312F00705CFC /* EditItemsViewModel.swift in Sources */,
				E16EB6D623EA9BD600BE6800 /* TestData.swift in Sources */,
				E10C483D23FB1B3900F47E23 /* ImageRow.swift in Sources */,
				E12FFC6823D3909C00705CFC /* SettingsViewController.swift in Sources */,
				E1A53AED23E8A3C50059BBD5 /* FocusSectionViewModel.swift in Sources */,
				E12FFCA023D5063A00705CFC /* Piece+CoreDataProperties.swift in Sources */,
				E1522AEC23DF9E9F00221A79 /* BouncyLayout.swift in Sources */,
				E12FFCC123D57C7E00705CFC /* Verifiable.swift in Sources */,
				E10CE1FD23E53F7500BE8537 /* ChoosePieceViewController.swift in Sources */,
				E12FFC7723D4245400705CFC /* SettingsItemCell.swift in Sources */,
				E17F4F0D23FF5DD200EB7C2C /* Recording+CoreDataClass.swift in Sources */,
				E146BAF423D2579C0036052B /* PracticeViewModel.swift in Sources */,
				E146BAEB23D251510036052B /* PiecesViewModel.swift in Sources */,
				E16B880B23D2F6AB00A8CF07 /* HomeSubtitleCell.swift in Sources */,
				E12FFC9E23D5063A00705CFC /* Instrument+CoreDataProperties.swift in Sources */,
				E10C482E23FA63D900F47E23 /* ImageSelectionCell.swift in Sources */,
				E146BAE823D251420036052B /* HomeViewModel.swift in Sources */,
				E1F3110D23D6D01F008A2BBD /* Titlable.swift in Sources */,
				E1CF208223EA14B200E05E12 /* PracticeEntryCell.swift in Sources */,
				E10C483F23FB1CA800F47E23 /* ImageCell.swift in Sources */,
				E10C483823FB1B2600F47E23 /* ImageViewController.swift in Sources */,
				E1C5FE612448BBEF008130AE /* SettingsAppIconCell.swift in Sources */,
				E12FFC8723D43C0D00705CFC /* PracticeRow.swift in Sources */,
				E1C5FE5724482EE6008130AE /* SettingsTitleCell.swift in Sources */,
				E12FFC6F23D393C900705CFC /* SettingsSectionCell.swift in Sources */,
				E12FFCBE23D568D600705CFC /* Selectable.swift in Sources */,
				E12FFC8D23D4D1CA00705CFC /* RequestFeatureViewModel.swift in Sources */,
				E1D34FC8240390190097C3C2 /* PlaybackViewModel.swift in Sources */,
				E103FEB723CE6B6F00BDE96A /* AppDelegate.swift in Sources */,
				E12FFCA123D5063A00705CFC /* Practice+CoreDataClass.swift in Sources */,
				E12FFCAF23D5142500705CFC /* Array+Diff.swift in Sources */,
				E17F4F0E23FF5DD200EB7C2C /* Recording+CoreDataProperties.swift in Sources */,
				E12FFCB723D54D4F00705CFC /* PickerViewController.swift in Sources */,
				E108808E240B7AA200631DE2 /* ViewPieceCell.swift in Sources */,
				E16B880D23D2FBF800A8CF07 /* AdagioCell.swift in Sources */,
				E1522AF123E0126900221A79 /* FocusSectionViewController.swift in Sources */,
				E194A08C23E6820B00EBD857 /* Haptics.swift in Sources */,
				E1AA21D523E2B12F00D299CC /* CurrentSessionBar.swift in Sources */,
				E1CBB3C6240A3A6200BF20A3 /* EndPracticeViewController.swift in Sources */,
				E181303E23D810B300A45C8B /* Editable.swift in Sources */,
				E1CBB3C9240A3A6900BF20A3 /* EndPracticeViewModel.swift in Sources */,
				E17736E523EB842C0059411F /* SegmentCell.swift in Sources */,
				E146BAF723D258A20036052B /* AdagioViewController.swift in Sources */,
				E1AC840823FE629E00DB4DD8 /* RecordingViewController.swift in Sources */,
				E12FFC8423D43AB400705CFC /* CreateItemViewModel.swift in Sources */,
				E12FFC6523D38C5200705CFC /* YouRow.swift in Sources */,
				E12FFCA623D5087000705CFC /* EditPieceViewController.swift in Sources */,
				E12FFCAD23D50D5800705CFC /* EditPieceRow.swift in Sources */,
				E12FFCAB23D50A6400705CFC /* TextFieldCell.swift in Sources */,
				E12FFC8B23D4D19C00705CFC /* RequestFeatureViewController.swift in Sources */,
				E13C133323FF6A4F0080EA79 /* RecordingCell.swift in Sources */,
				E1DBC94823F1E960003F8012 /* RadioCell.swift in Sources */,
				E1A53AC823E6B2190059BBD5 /* CurrentPracticeTimer.swift in Sources */,
				E12FFC7B23D4310600705CFC /* EditItemsViewController.swift in Sources */,
				E12FFCA823D508D500705CFC /* EditPieceViewModel.swift in Sources */,
				E124024F24622D0000CB38EA /* OnboardingViewController.swift in Sources */,
				E10C482C23FA409E00F47E23 /* UIViewController+RemoveFromParent.swift in Sources */,
				E1AC840C23FE66B900DB4DD8 /* RecordingViewModel.swift in Sources */,
				E13C133723FF74590080EA79 /* Section+CoreDataClass.swift in Sources */,
				E12FFC7323D3EDD400705CFC /* SpacerCell.swift in Sources */,
				E17C8ADE23D2488200C74BBD /* AdagioModel.xcdatamodeld in Sources */,
				E16B880823D2F3C400A8CF07 /* HomeRow.swift in Sources */,
				E146BAF923D258EA0036052B /* UIColor+Adagio.swift in Sources */,
				E146BAF023D2535A0036052B /* CurrentPracticeState.swift in Sources */,
				E12FFC7923D42FDF00705CFC /* SettingsSelectionCell.swift in Sources */,
				E1C5FE632448C692008130AE /* AppIcon.swift in Sources */,
				E1CA892323D1098600E4FD3C /* CoreDataManager.swift in Sources */,
				E1E869D023E5627B00569475 /* HideKeyboardButton.swift in Sources */,
				E146BAF223D257820036052B /* PracticeViewController.swift in Sources */,
				E1E869D323E56A6000569475 /* DeletePracticeCell.swift in Sources */,
				E12FFCB523D5412200705CFC /* SelectionCell.swift in Sources */,
				E12FFC9F23D5063A00705CFC /* Piece+CoreDataClass.swift in Sources */,
				E1E869CD23E5431C00569475 /* ChoosePieceViewModel.swift in Sources */,
				E10C483623FA672600F47E23 /* ImageView.swift in Sources */,
				E12FFC8223D43A9500705CFC /* CreateItemViewController.swift in Sources */,
				E146BAEE23D2515F0036052B /* YouViewModel.swift in Sources */,
				E156B62123EE5643004900F3 /* PracticeSectionCell.swift in Sources */,
				E12FFC6D23D3917600705CFC /* SettingsRow.swift in Sources */,
				E1A2CC8A23D24EA70054522B /* PiecesViewController.swift in Sources */,
				E12FFCB123D51C6F00705CFC /* PiecesRow.swift in Sources */,
				E12FFCA323D5063A00705CFC /* Group+CoreDataClass.swift in Sources */,
				E12FFC9D23D5063A00705CFC /* Instrument+CoreDataClass.swift in Sources */,
				E12FFCB923D54F4300705CFC /* PickerViewModel.swift in Sources */,
				E12FFCA223D5063A00705CFC /* Practice+CoreDataProperties.swift in Sources */,
				E10C483423FA65F300F47E23 /* Image.swift in Sources */,
				E12FFCB323D53F8900705CFC /* PieceCell.swift in Sources */,
				E1CF208523EA29FA00E05E12 /* IconLabelView.swift in Sources */,
				E13109FD240393290092579C /* PlaybackRow.swift in Sources */,
				E124024C2462255800CB38EA /* ImagePageViewController.swift in Sources */,
				E12FFC6B23D3915200705CFC /* SettingsViewModel.swift in Sources */,
				E10C482923F9E5BB00F47E23 /* RootPracticeViewController.swift in Sources */,
				E10C483B23FB1B3500F47E23 /* ImageViewModel.swift in Sources */,
				E17736E223EB3ED60059411F /* SectionView.swift in Sources */,
			);
			runOnlyForDeploymentPostprocessing = 0;
		};
/* End PBXSourcesBuildPhase section */

/* Begin PBXVariantGroup section */
		E103FEBC23CE6B6F00BDE96A /* Main.storyboard */ = {
			isa = PBXVariantGroup;
			children = (
				E103FEBD23CE6B6F00BDE96A /* Base */,
			);
			name = Main.storyboard;
			sourceTree = "<group>";
		};
		E103FEC123CE6B7100BDE96A /* LaunchScreen.storyboard */ = {
			isa = PBXVariantGroup;
			children = (
				E103FEC223CE6B7100BDE96A /* Base */,
			);
			name = LaunchScreen.storyboard;
			sourceTree = "<group>";
		};
/* End PBXVariantGroup section */

/* Begin XCBuildConfiguration section */
		E103FEC523CE6B7100BDE96A /* Debug */ = {
			isa = XCBuildConfiguration;
			buildSettings = {
				ALWAYS_SEARCH_USER_PATHS = NO;
				CLANG_ANALYZER_NONNULL = YES;
				CLANG_ANALYZER_NUMBER_OBJECT_CONVERSION = YES_AGGRESSIVE;
				CLANG_CXX_LANGUAGE_STANDARD = "gnu++14";
				CLANG_CXX_LIBRARY = "libc++";
				CLANG_ENABLE_MODULES = YES;
				CLANG_ENABLE_OBJC_ARC = YES;
				CLANG_ENABLE_OBJC_WEAK = YES;
				CLANG_WARN_BLOCK_CAPTURE_AUTORELEASING = YES;
				CLANG_WARN_BOOL_CONVERSION = YES;
				CLANG_WARN_COMMA = YES;
				CLANG_WARN_CONSTANT_CONVERSION = YES;
				CLANG_WARN_DEPRECATED_OBJC_IMPLEMENTATIONS = YES;
				CLANG_WARN_DIRECT_OBJC_ISA_USAGE = YES_ERROR;
				CLANG_WARN_DOCUMENTATION_COMMENTS = YES;
				CLANG_WARN_EMPTY_BODY = YES;
				CLANG_WARN_ENUM_CONVERSION = YES;
				CLANG_WARN_INFINITE_RECURSION = YES;
				CLANG_WARN_INT_CONVERSION = YES;
				CLANG_WARN_NON_LITERAL_NULL_CONVERSION = YES;
				CLANG_WARN_OBJC_IMPLICIT_RETAIN_SELF = YES;
				CLANG_WARN_OBJC_LITERAL_CONVERSION = YES;
				CLANG_WARN_OBJC_ROOT_CLASS = YES_ERROR;
				CLANG_WARN_RANGE_LOOP_ANALYSIS = YES;
				CLANG_WARN_STRICT_PROTOTYPES = YES;
				CLANG_WARN_SUSPICIOUS_MOVE = YES;
				CLANG_WARN_UNGUARDED_AVAILABILITY = YES_AGGRESSIVE;
				CLANG_WARN_UNREACHABLE_CODE = YES;
				CLANG_WARN__DUPLICATE_METHOD_MATCH = YES;
				COPY_PHASE_STRIP = NO;
				DEBUG_INFORMATION_FORMAT = dwarf;
				ENABLE_STRICT_OBJC_MSGSEND = YES;
				ENABLE_TESTABILITY = YES;
				GCC_C_LANGUAGE_STANDARD = gnu11;
				GCC_DYNAMIC_NO_PIC = NO;
				GCC_NO_COMMON_BLOCKS = YES;
				GCC_OPTIMIZATION_LEVEL = 0;
				GCC_PREPROCESSOR_DEFINITIONS = (
					"DEBUG=1",
					"$(inherited)",
				);
				GCC_WARN_64_TO_32_BIT_CONVERSION = YES;
				GCC_WARN_ABOUT_RETURN_TYPE = YES_ERROR;
				GCC_WARN_UNDECLARED_SELECTOR = YES;
				GCC_WARN_UNINITIALIZED_AUTOS = YES_AGGRESSIVE;
				GCC_WARN_UNUSED_FUNCTION = YES;
				GCC_WARN_UNUSED_VARIABLE = YES;
				IPHONEOS_DEPLOYMENT_TARGET = 13.2;
				MTL_ENABLE_DEBUG_INFO = INCLUDE_SOURCE;
				MTL_FAST_MATH = YES;
				ONLY_ACTIVE_ARCH = YES;
				SDKROOT = iphoneos;
				SWIFT_ACTIVE_COMPILATION_CONDITIONS = DEBUG;
				SWIFT_OPTIMIZATION_LEVEL = "-Onone";
			};
			name = Debug;
		};
		E103FEC623CE6B7100BDE96A /* Release */ = {
			isa = XCBuildConfiguration;
			buildSettings = {
				ALWAYS_SEARCH_USER_PATHS = NO;
				CLANG_ANALYZER_NONNULL = YES;
				CLANG_ANALYZER_NUMBER_OBJECT_CONVERSION = YES_AGGRESSIVE;
				CLANG_CXX_LANGUAGE_STANDARD = "gnu++14";
				CLANG_CXX_LIBRARY = "libc++";
				CLANG_ENABLE_MODULES = YES;
				CLANG_ENABLE_OBJC_ARC = YES;
				CLANG_ENABLE_OBJC_WEAK = YES;
				CLANG_WARN_BLOCK_CAPTURE_AUTORELEASING = YES;
				CLANG_WARN_BOOL_CONVERSION = YES;
				CLANG_WARN_COMMA = YES;
				CLANG_WARN_CONSTANT_CONVERSION = YES;
				CLANG_WARN_DEPRECATED_OBJC_IMPLEMENTATIONS = YES;
				CLANG_WARN_DIRECT_OBJC_ISA_USAGE = YES_ERROR;
				CLANG_WARN_DOCUMENTATION_COMMENTS = YES;
				CLANG_WARN_EMPTY_BODY = YES;
				CLANG_WARN_ENUM_CONVERSION = YES;
				CLANG_WARN_INFINITE_RECURSION = YES;
				CLANG_WARN_INT_CONVERSION = YES;
				CLANG_WARN_NON_LITERAL_NULL_CONVERSION = YES;
				CLANG_WARN_OBJC_IMPLICIT_RETAIN_SELF = YES;
				CLANG_WARN_OBJC_LITERAL_CONVERSION = YES;
				CLANG_WARN_OBJC_ROOT_CLASS = YES_ERROR;
				CLANG_WARN_RANGE_LOOP_ANALYSIS = YES;
				CLANG_WARN_STRICT_PROTOTYPES = YES;
				CLANG_WARN_SUSPICIOUS_MOVE = YES;
				CLANG_WARN_UNGUARDED_AVAILABILITY = YES_AGGRESSIVE;
				CLANG_WARN_UNREACHABLE_CODE = YES;
				CLANG_WARN__DUPLICATE_METHOD_MATCH = YES;
				COPY_PHASE_STRIP = NO;
				DEBUG_INFORMATION_FORMAT = "dwarf-with-dsym";
				ENABLE_NS_ASSERTIONS = NO;
				ENABLE_STRICT_OBJC_MSGSEND = YES;
				GCC_C_LANGUAGE_STANDARD = gnu11;
				GCC_NO_COMMON_BLOCKS = YES;
				GCC_WARN_64_TO_32_BIT_CONVERSION = YES;
				GCC_WARN_ABOUT_RETURN_TYPE = YES_ERROR;
				GCC_WARN_UNDECLARED_SELECTOR = YES;
				GCC_WARN_UNINITIALIZED_AUTOS = YES_AGGRESSIVE;
				GCC_WARN_UNUSED_FUNCTION = YES;
				GCC_WARN_UNUSED_VARIABLE = YES;
				IPHONEOS_DEPLOYMENT_TARGET = 13.2;
				MTL_ENABLE_DEBUG_INFO = NO;
				MTL_FAST_MATH = YES;
				SDKROOT = iphoneos;
				SWIFT_COMPILATION_MODE = wholemodule;
				SWIFT_OPTIMIZATION_LEVEL = "-O";
				VALIDATE_PRODUCT = YES;
			};
			name = Release;
		};
		E103FEC823CE6B7100BDE96A /* Debug */ = {
			isa = XCBuildConfiguration;
			buildSettings = {
				ASSETCATALOG_COMPILER_APPICON_NAME = AppIcon;
				CODE_SIGN_STYLE = Automatic;
				DEVELOPMENT_TEAM = TY84JMYEFE;
				INFOPLIST_FILE = Adagio/Info.plist;
				LD_RUNPATH_SEARCH_PATHS = (
					"$(inherited)",
					"@executable_path/Frameworks",
				);
				PRODUCT_BUNDLE_IDENTIFIER = pips.Adagio;
				PRODUCT_NAME = "$(TARGET_NAME)";
				SWIFT_VERSION = 5.0;
				TARGETED_DEVICE_FAMILY = 1;
			};
			name = Debug;
		};
		E103FEC923CE6B7100BDE96A /* Release */ = {
			isa = XCBuildConfiguration;
			buildSettings = {
				ASSETCATALOG_COMPILER_APPICON_NAME = AppIcon;
				CODE_SIGN_STYLE = Automatic;
				DEVELOPMENT_TEAM = TY84JMYEFE;
				INFOPLIST_FILE = Adagio/Info.plist;
				LD_RUNPATH_SEARCH_PATHS = (
					"$(inherited)",
					"@executable_path/Frameworks",
				);
				PRODUCT_BUNDLE_IDENTIFIER = pips.Adagio;
				PRODUCT_NAME = "$(TARGET_NAME)";
				SWIFT_VERSION = 5.0;
				TARGETED_DEVICE_FAMILY = 1;
			};
			name = Release;
		};
/* End XCBuildConfiguration section */

/* Begin XCConfigurationList section */
		E103FEAE23CE6B6E00BDE96A /* Build configuration list for PBXProject "Adagio" */ = {
			isa = XCConfigurationList;
			buildConfigurations = (
				E103FEC523CE6B7100BDE96A /* Debug */,
				E103FEC623CE6B7100BDE96A /* Release */,
			);
			defaultConfigurationIsVisible = 0;
			defaultConfigurationName = Release;
		};
		E103FEC723CE6B7100BDE96A /* Build configuration list for PBXNativeTarget "Adagio" */ = {
			isa = XCConfigurationList;
			buildConfigurations = (
				E103FEC823CE6B7100BDE96A /* Debug */,
				E103FEC923CE6B7100BDE96A /* Release */,
			);
			defaultConfigurationIsVisible = 0;
			defaultConfigurationName = Release;
		};
/* End XCConfigurationList section */

/* Begin XCVersionGroup section */
		E17C8ADC23D2488200C74BBD /* AdagioModel.xcdatamodeld */ = {
			isa = XCVersionGroup;
			children = (
				E17C8ADD23D2488200C74BBD /* AdagioModel.xcdatamodel */,
			);
			currentVersion = E17C8ADD23D2488200C74BBD /* AdagioModel.xcdatamodel */;
			path = AdagioModel.xcdatamodeld;
			sourceTree = "<group>";
			versionGroupType = wrapper.xcdatamodel;
		};
/* End XCVersionGroup section */
	};
	rootObject = E103FEAB23CE6B6E00BDE96A /* Project object */;
}
